
Microsoft Visual Studio Solution File, Format Version 12.00
# Visual Studio Version 17
VisualStudioVersion = 17.7.34221.43
MinimumVisualStudioVersion = 10.0.40219.1
Project("{FAE04EC0-301F-11D3-BF4B-00C04F79EFBC}") = "VegaJuego", "VegaJuego\VegaJuego.csproj", "{B247C07D-BBD7-4062-BD58-1076CDA4E4BC}"
EndProject
Global
	GlobalSection(SolutionConfigurationPlatforms) = preSolution
		Debug|Any CPU = Debug|Any CPU
		Release|Any CPU = Release|Any CPU
	EndGlobalSection
	GlobalSection(ProjectConfigurationPlatforms) = postSolution
		{B247C07D-BBD7-4062-BD58-1076CDA4E4BC}.Debug|Any CPU.ActiveCfg = Debug|Any CPU
		{B247C07D-BBD7-4062-BD58-1076CDA4E4BC}.Debug|Any CPU.Build.0 = Debug|Any CPU
		{B247C07D-BBD7-4062-BD58-1076CDA4E4BC}.Release|Any CPU.ActiveCfg = Release|Any CPU
		{B247C07D-BBD7-4062-BD58-1076CDA4E4BC}.Release|Any CPU.Build.0 = Release|Any CPU
	EndGlobalSection
	GlobalSection(SolutionProperties) = preSolution
		HideSolutionNode = FALSE
	EndGlobalSection
	GlobalSection(ExtensibilityGlobals) = postSolution
		SolutionGuid = {B17FD322-C246-4E52-9B75-55A38E282C80}
	EndGlobalSection
EndGlobal
